// !$*UTF8*$!
{
	archiveVersion = 1;
	classes = {
	};
	objectVersion = 77;
	objects = {

/* Begin PBXBuildFile section */
		022E845E63C87F083A873E66 /* SpotWordView.swift in Sources */ = {isa = PBXBuildFile; fileRef = E5AFB68F357F8F020B73F295 /* SpotWordView.swift */; };
		0407E1BAC686CA299361842C /* WordSearchView.swift in Sources */ = {isa = PBXBuildFile; fileRef = B8E12795B46CAFB8DD0075A1 /* WordSearchView.swift */; };
		052BE9A535ACD1F9E2D2FE21 /* DesignSystem.swift in Sources */ = {isa = PBXBuildFile; fileRef = 6373BE6F308575B3E637CF9B /* DesignSystem.swift */; };
		449DA5B357721A66801A0D1F /* ListenSpellView.swift in Sources */ = {isa = PBXBuildFile; fileRef = 579365AB61CD0FB139AA5269 /* ListenSpellView.swift */; };
		4A9AC138664A28E6C77ADA81 /* WordData.swift in Sources */ = {isa = PBXBuildFile; fileRef = A5752D388F31445819E3E133 /* WordData.swift */; };
		54EF85FB03C279EB341886F8 /* SeededRandom.swift in Sources */ = {isa = PBXBuildFile; fileRef = E05ADFFCAD46969D621F35EA /* SeededRandom.swift */; };
		6037283722BF56A9FDBBA56F /* HomeView.swift in Sources */ = {isa = PBXBuildFile; fileRef = 97ADA9FA1AA74C83DF863D9E /* HomeView.swift */; };
		6261052169568B04E86DFED6 /* GameScaffold.swift in Sources */ = {isa = PBXBuildFile; fileRef = C7583D6AE9E7193ACB08582E /* GameScaffold.swift */; };
		6A06143B0812153E90712F7D /* WordScrambleView.swift in Sources */ = {isa = PBXBuildFile; fileRef = 2712D35A9A9B1A8EE39A6C48 /* WordScrambleView.swift */; };
		6FDDA8E74CAE6D6A707CF847 /* RoundEngine.swift in Sources */ = {isa = PBXBuildFile; fileRef = D62ADD40DB4FAB20858376E3 /* RoundEngine.swift */; };
		808287C058AFCF2BC027A4F5 /* SpellingField.swift in Sources */ = {isa = PBXBuildFile; fileRef = FF830B535345DF51368BBA70 /* SpellingField.swift */; };
		8794D69AB7C255086DED341F /* MissingLettersView.swift in Sources */ = {isa = PBXBuildFile; fileRef = EF3B1D254E0A44EB2A91F7D1 /* MissingLettersView.swift */; };
		93F70470AEEFF318C1AB9A0B /* Assets.xcassets in Resources */ = {isa = PBXBuildFile; fileRef = 095345C544894A3BE37679A4 /* Assets.xcassets */; };
		AA03287BB473D70D4C6F05E8 /* WordSearchGen.swift in Sources */ = {isa = PBXBuildFile; fileRef = D51FADC8B89EC838DFA34763 /* WordSearchGen.swift */; };
		AECF4D7ECCBA52821DEF9245 /* MiniCrosswordView.swift in Sources */ = {isa = PBXBuildFile; fileRef = 48ECB25EC30712EA6D68675C /* MiniCrosswordView.swift */; };
		B2FFBC5D8F58D0D0AC185D23 /* Crossword.swift in Sources */ = {isa = PBXBuildFile; fileRef = 9149F2447F909AC734F89D9D /* Crossword.swift */; };
		D30B1435513F3535953241D8 /* FixSentenceView.swift in Sources */ = {isa = PBXBuildFile; fileRef = 7EC6BAD4AC8FC0AE653CF15C /* FixSentenceView.swift */; };
		D4B6E05377E721818EDC1539 /* DailyBeeView.swift in Sources */ = {isa = PBXBuildFile; fileRef = 0A7F524C22FDE6CC1CF2B9AA /* DailyBeeView.swift */; };
		D591B6CD27213FC2F9DABDCC /* MemoryMatchView.swift in Sources */ = {isa = PBXBuildFile; fileRef = FEAC3CDF9E5CBE8ADB6CE010 /* MemoryMatchView.swift */; };
		E0917B91B67F15D78E739D75 /* EndingMachineView.swift in Sources */ = {isa = PBXBuildFile; fileRef = 628C68D39CC5B58A4FF4020A /* EndingMachineView.swift */; };
		E250E35A02CD728412A3DE66 /* Speech.swift in Sources */ = {isa = PBXBuildFile; fileRef = 2C4B008D119A75861BFCCDC4 /* Speech.swift */; };
		E98833F545B716CF37B21A7C /* BalloonPopView.swift in Sources */ = {isa = PBXBuildFile; fileRef = 66FA84A39E1484665F5574CF /* BalloonPopView.swift */; };
		ED8472F231D77E52B512ED7F /* SpellItApp.swift in Sources */ = {isa = PBXBuildFile; fileRef = BECD6C050CF8A067AC982129 /* SpellItApp.swift */; };
		F30058E098E720E93B076C90 /* FlashSpellView.swift in Sources */ = {isa = PBXBuildFile; fileRef = 687C570A4F0D6BAC4F3F558B /* FlashSpellView.swift */; };
		F6C37DE8E1D7D82B27529FDA /* Misspell.swift in Sources */ = {isa = PBXBuildFile; fileRef = BC6B7633C522D085A6CBE75C /* Misspell.swift */; };
		FCD82BA9DF14188E9E78316F /* Models.swift in Sources */ = {isa = PBXBuildFile; fileRef = 9278D536FC894D3AC9279177 /* Models.swift */; };
/* End PBXBuildFile section */

/* Begin PBXFileReference section */
		095345C544894A3BE37679A4 /* Assets.xcassets */ = {isa = PBXFileReference; lastKnownFileType = folder.assetcatalog; path = Assets.xcassets; sourceTree = "<group>"; };
		0A7F524C22FDE6CC1CF2B9AA /* DailyBeeView.swift */ = {isa = PBXFileReference; lastKnownFileType = sourcecode.swift; path = DailyBeeView.swift; sourceTree = "<group>"; };
		2712D35A9A9B1A8EE39A6C48 /* WordScrambleView.swift */ = {isa = PBXFileReference; lastKnownFileType = sourcecode.swift; path = WordScrambleView.swift; sourceTree = "<group>"; };
		2C4B008D119A75861BFCCDC4 /* Speech.swift */ = {isa = PBXFileReference; lastKnownFileType = sourcecode.swift; path = Speech.swift; sourceTree = "<group>"; };
		38568CA273F8EA3D30290192 /* SpellIt.app */ = {isa = PBXFileReference; includeInIndex = 0; lastKnownFileType = wrapper.application; path = SpellIt.app; sourceTree = BUILT_PRODUCTS_DIR; };
		48ECB25EC30712EA6D68675C /* MiniCrosswordView.swift */ = {isa = PBXFileReference; lastKnownFileType = sourcecode.swift; path = MiniCrosswordView.swift; sourceTree = "<group>"; };
		579365AB61CD0FB139AA5269 /* ListenSpellView.swift */ = {isa = PBXFileReference; lastKnownFileType = sourcecode.swift; path = ListenSpellView.swift; sourceTree = "<group>"; };
		628C68D39CC5B58A4FF4020A /* EndingMachineView.swift */ = {isa = PBXFileReference; lastKnownFileType = sourcecode.swift; path = EndingMachineView.swift; sourceTree = "<group>"; };
		6373BE6F308575B3E637CF9B /* DesignSystem.swift */ = {isa = PBXFileReference; lastKnownFileType = sourcecode.swift; path = DesignSystem.swift; sourceTree = "<group>"; };
		66FA84A39E1484665F5574CF /* BalloonPopView.swift */ = {isa = PBXFileReference; lastKnownFileType = sourcecode.swift; path = BalloonPopView.swift; sourceTree = "<group>"; };
		687C570A4F0D6BAC4F3F558B /* FlashSpellView.swift */ = {isa = PBXFileReference; lastKnownFileType = sourcecode.swift; path = FlashSpellView.swift; sourceTree = "<group>"; };
		7EC6BAD4AC8FC0AE653CF15C /* FixSentenceView.swift */ = {isa = PBXFileReference; lastKnownFileType = sourcecode.swift; path = FixSentenceView.swift; sourceTree = "<group>"; };
		9149F2447F909AC734F89D9D /* Crossword.swift */ = {isa = PBXFileReference; lastKnownFileType = sourcecode.swift; path = Crossword.swift; sourceTree = "<group>"; };
		9278D536FC894D3AC9279177 /* Models.swift */ = {isa = PBXFileReference; lastKnownFileType = sourcecode.swift; path = Models.swift; sourceTree = "<group>"; };
		97ADA9FA1AA74C83DF863D9E /* HomeView.swift */ = {isa = PBXFileReference; lastKnownFileType = sourcecode.swift; path = HomeView.swift; sourceTree = "<group>"; };
		A5752D388F31445819E3E133 /* WordData.swift */ = {isa = PBXFileReference; lastKnownFileType = sourcecode.swift; path = WordData.swift; sourceTree = "<group>"; };
		B8E12795B46CAFB8DD0075A1 /* WordSearchView.swift */ = {isa = PBXFileReference; lastKnownFileType = sourcecode.swift; path = WordSearchView.swift; sourceTree = "<group>"; };
		BC6B7633C522D085A6CBE75C /* Misspell.swift */ = {isa = PBXFileReference; lastKnownFileType = sourcecode.swift; path = Misspell.swift; sourceTree = "<group>"; };
		BECD6C050CF8A067AC982129 /* SpellItApp.swift */ = {isa = PBXFileReference; lastKnownFileType = sourcecode.swift; path = SpellItApp.swift; sourceTree = "<group>"; };
		C7583D6AE9E7193ACB08582E /* GameScaffold.swift */ = {isa = PBXFileReference; lastKnownFileType = sourcecode.swift; path = GameScaffold.swift; sourceTree = "<group>"; };
		D51FADC8B89EC838DFA34763 /* WordSearchGen.swift */ = {isa = PBXFileReference; lastKnownFileType = sourcecode.swift; path = WordSearchGen.swift; sourceTree = "<group>"; };
		D62ADD40DB4FAB20858376E3 /* RoundEngine.swift */ = {isa = PBXFileReference; lastKnownFileType = sourcecode.swift; path = RoundEngine.swift; sourceTree = "<group>"; };
		E05ADFFCAD46969D621F35EA /* SeededRandom.swift */ = {isa = PBXFileReference; lastKnownFileType = sourcecode.swift; path = SeededRandom.swift; sourceTree = "<group>"; };
		E5AFB68F357F8F020B73F295 /* SpotWordView.swift */ = {isa = PBXFileReference; lastKnownFileType = sourcecode.swift; path = SpotWordView.swift; sourceTree = "<group>"; };
		EF3B1D254E0A44EB2A91F7D1 /* MissingLettersView.swift */ = {isa = PBXFileReference; lastKnownFileType = sourcecode.swift; path = MissingLettersView.swift; sourceTree = "<group>"; };
		FEAC3CDF9E5CBE8ADB6CE010 /* MemoryMatchView.swift */ = {isa = PBXFileReference; lastKnownFileType = sourcecode.swift; path = MemoryMatchView.swift; sourceTree = "<group>"; };
		FF830B535345DF51368BBA70 /* SpellingField.swift */ = {isa = PBXFileReference; lastKnownFileType = sourcecode.swift; path = SpellingField.swift; sourceTree = "<group>"; };
/* End PBXFileReference section */

/* Begin PBXGroup section */
		22683E254A365DEA67E003B6 /* Games */ = {
			isa = PBXGroup;
			children = (
				66FA84A39E1484665F5574CF /* BalloonPopView.swift */,
				0A7F524C22FDE6CC1CF2B9AA /* DailyBeeView.swift */,
				628C68D39CC5B58A4FF4020A /* EndingMachineView.swift */,
				7EC6BAD4AC8FC0AE653CF15C /* FixSentenceView.swift */,
				687C570A4F0D6BAC4F3F558B /* FlashSpellView.swift */,
				579365AB61CD0FB139AA5269 /* ListenSpellView.swift */,
				FEAC3CDF9E5CBE8ADB6CE010 /* MemoryMatchView.swift */,
				48ECB25EC30712EA6D68675C /* MiniCrosswordView.swift */,
				EF3B1D254E0A44EB2A91F7D1 /* MissingLettersView.swift */,
				E5AFB68F357F8F020B73F295 /* SpotWordView.swift */,
				2712D35A9A9B1A8EE39A6C48 /* WordScrambleView.swift */,
				B8E12795B46CAFB8DD0075A1 /* WordSearchView.swift */,
			);
			path = Games;
			sourceTree = "<group>";
		};
		4395E84E89E21FB212F7B21E /* Views */ = {
			isa = PBXGroup;
			children = (
				C7583D6AE9E7193ACB08582E /* GameScaffold.swift */,
				97ADA9FA1AA74C83DF863D9E /* HomeView.swift */,
				FF830B535345DF51368BBA70 /* SpellingField.swift */,
				22683E254A365DEA67E003B6 /* Games */,
			);
			path = Views;
			sourceTree = "<group>";
		};
		5C08ABA7E88C9AFC254EDD74 /* Products */ = {
			isa = PBXGroup;
			children = (
				38568CA273F8EA3D30290192 /* SpellIt.app */,
			);
			name = Products;
			sourceTree = "<group>";
		};
		6EE5E7307C00DFE78F032329 /* SpellIt */ = {
			isa = PBXGroup;
			children = (
				095345C544894A3BE37679A4 /* Assets.xcassets */,
				6373BE6F308575B3E637CF9B /* DesignSystem.swift */,
				9278D536FC894D3AC9279177 /* Models.swift */,
				BECD6C050CF8A067AC982129 /* SpellItApp.swift */,
				DA0C6DF8C324423675E19C62 /* Engine */,
				F07DDED9656396D87832B8C8 /* Generated */,
				4395E84E89E21FB212F7B21E /* Views */,
			);
			path = SpellIt;
			sourceTree = "<group>";
		};
		927F22310E9A1DE204FE7DD5 = {
			isa = PBXGroup;
			children = (
				6EE5E7307C00DFE78F032329 /* SpellIt */,
				5C08ABA7E88C9AFC254EDD74 /* Products */,
			);
			sourceTree = "<group>";
		};
		DA0C6DF8C324423675E19C62 /* Engine */ = {
			isa = PBXGroup;
			children = (
				9149F2447F909AC734F89D9D /* Crossword.swift */,
				BC6B7633C522D085A6CBE75C /* Misspell.swift */,
				D62ADD40DB4FAB20858376E3 /* RoundEngine.swift */,
				E05ADFFCAD46969D621F35EA /* SeededRandom.swift */,
				2C4B008D119A75861BFCCDC4 /* Speech.swift */,
				D51FADC8B89EC838DFA34763 /* WordSearchGen.swift */,
			);
			path = Engine;
			sourceTree = "<group>";
		};
		F07DDED9656396D87832B8C8 /* Generated */ = {
			isa = PBXGroup;
			children = (
				A5752D388F31445819E3E133 /* WordData.swift */,
			);
			path = Generated;
			sourceTree = "<group>";
		};
/* End PBXGroup section */

/* Begin PBXNativeTarget section */
		C0CAD56DEC81E3A73079DBE7 /* SpellIt */ = {
			isa = PBXNativeTarget;
			buildConfigurationList = 8116B7B0187C376289345AF2 /* Build configuration list for PBXNativeTarget "SpellIt" */;
			buildPhases = (
				5B76C75667E76CE863C03311 /* Sources */,
				002738582D1DAEF5FA054895 /* Resources */,
			);
			buildRules = (
			);
			dependencies = (
			);
			name = SpellIt;
			packageProductDependencies = (
			);
			productName = SpellIt;
			productReference = 38568CA273F8EA3D30290192 /* SpellIt.app */;
			productType = "com.apple.product-type.application";
		};
/* End PBXNativeTarget section */

/* Begin PBXProject section */
		921A156C8E8ADF61F8FC2B11 /* Project object */ = {
			isa = PBXProject;
			attributes = {
				BuildIndependentTargetsInParallel = YES;
				LastUpgradeCheck = 1430;
				TargetAttributes = {
					C0CAD56DEC81E3A73079DBE7 = {
						ProvisioningStyle = Automatic;
					};
				};
			};
			buildConfigurationList = 2B3D50A21F4A8EA501C451F2 /* Build configuration list for PBXProject "SpellIt" */;
			developmentRegion = en;
			hasScannedForEncodings = 0;
			knownRegions = (
				Base,
				en,
			);
			mainGroup = 927F22310E9A1DE204FE7DD5;
			minimizedProjectReferenceProxies = 1;
			preferredProjectObjectVersion = 77;
			productRefGroup = 5C08ABA7E88C9AFC254EDD74 /* Products */;
			projectDirPath = "";
			projectRoot = "";
			targets = (
				C0CAD56DEC81E3A73079DBE7 /* SpellIt */,
			);
		};
/* End PBXProject section */

/* Begin PBXResourcesBuildPhase section */
		002738582D1DAEF5FA054895 /* Resources */ = {
			isa = PBXResourcesBuildPhase;
			buildActionMask = 2147483647;
			files = (
				93F70470AEEFF318C1AB9A0B /* Assets.xcassets in Resources */,
			);
			runOnlyForDeploymentPostprocessing = 0;
		};
/* End PBXResourcesBuildPhase section */

/* Begin PBXSourcesBuildPhase section */
		5B76C75667E76CE863C03311 /* Sources */ = {
			isa = PBXSourcesBuildPhase;
			buildActionMask = 2147483647;
			files = (
				E98833F545B716CF37B21A7C /* BalloonPopView.swift in Sources */,
				B2FFBC5D8F58D0D0AC185D23 /* Crossword.swift in Sources */,
				D4B6E05377E721818EDC1539 /* DailyBeeView.swift in Sources */,
				052BE9A535ACD1F9E2D2FE21 /* DesignSystem.swift in Sources */,
				E0917B91B67F15D78E739D75 /* EndingMachineView.swift in Sources */,
				D30B1435513F3535953241D8 /* FixSentenceView.swift in Sources */,
				F30058E098E720E93B076C90 /* FlashSpellView.swift in Sources */,
				6261052169568B04E86DFED6 /* GameScaffold.swift in Sources */,
				6037283722BF56A9FDBBA56F /* HomeView.swift in Sources */,
				449DA5B357721A66801A0D1F /* ListenSpellView.swift in Sources */,
				D591B6CD27213FC2F9DABDCC /* MemoryMatchView.swift in Sources */,
				AECF4D7ECCBA52821DEF9245 /* MiniCrosswordView.swift in Sources */,
				8794D69AB7C255086DED341F /* MissingLettersView.swift in Sources */,
				F6C37DE8E1D7D82B27529FDA /* Misspell.swift in Sources */,
				FCD82BA9DF14188E9E78316F /* Models.swift in Sources */,
				6FDDA8E74CAE6D6A707CF847 /* RoundEngine.swift in Sources */,
				54EF85FB03C279EB341886F8 /* SeededRandom.swift in Sources */,
				E250E35A02CD728412A3DE66 /* Speech.swift in Sources */,
				ED8472F231D77E52B512ED7F /* SpellItApp.swift in Sources */,
				808287C058AFCF2BC027A4F5 /* SpellingField.swift in Sources */,
				022E845E63C87F083A873E66 /* SpotWordView.swift in Sources */,
				4A9AC138664A28E6C77ADA81 /* WordData.swift in Sources */,
				6A06143B0812153E90712F7D /* WordScrambleView.swift in Sources */,
				AA03287BB473D70D4C6F05E8 /* WordSearchGen.swift in Sources */,
				0407E1BAC686CA299361842C /* WordSearchView.swift in Sources */,
			);
			runOnlyForDeploymentPostprocessing = 0;
		};
/* End PBXSourcesBuildPhase section */

/* Begin XCBuildConfiguration section */
		0D504B2EDBE82490198D7C42 /* Release */ = {
			isa = XCBuildConfiguration;
			buildSettings = {
				ASSETCATALOG_COMPILER_APPICON_NAME = AppIcon;
				CODE_SIGN_IDENTITY = "iPhone Developer";
				CODE_SIGN_STYLE = Automatic;
				CURRENT_PROJECT_VERSION = 1;
				GENERATE_INFOPLIST_FILE = YES;
				INFOPLIST_KEY_CFBundleDisplayName = "Spell It!";
				INFOPLIST_KEY_UILaunchScreen_Generation = YES;
				INFOPLIST_KEY_UISupportedInterfaceOrientations_iPad = "UIInterfaceOrientationPortrait UIInterfaceOrientationPortraitUpsideDown UIInterfaceOrientationLandscapeLeft UIInterfaceOrientationLandscapeRight";
				INFOPLIST_KEY_UISupportedInterfaceOrientations_iPhone = UIInterfaceOrientationPortrait;
				LD_RUNPATH_SEARCH_PATHS = (
					"$(inherited)",
					"@executable_path/Frameworks",
				);
				MARKETING_VERSION = 1.0;
				PRODUCT_BUNDLE_IDENTIFIER = com.mikewhitney.spellit;
				SDKROOT = iphoneos;
				SWIFT_VERSION = 5.9;
				TARGETED_DEVICE_FAMILY = "1,2";
			};
			name = Release;
		};
		12ED9651BC4E2051BF76E1F6 /* Release */ = {
			isa = XCBuildConfiguration;
			buildSettings = {
				ALWAYS_SEARCH_USER_PATHS = NO;
				CLANG_ANALYZER_NONNULL = YES;
				CLANG_ANALYZER_NUMBER_OBJECT_CONVERSION = YES_AGGRESSIVE;
				CLANG_CXX_LANGUAGE_STANDARD = "gnu++14";
				CLANG_CXX_LIBRARY = "libc++";
				CLANG_ENABLE_MODULES = YES;
				CLANG_ENABLE_OBJC_ARC = YES;
				CLANG_ENABLE_OBJC_WEAK = YES;
				CLANG_WARN_BLOCK_CAPTURE_AUTORELEASING = YES;
				CLANG_WARN_BOOL_CONVERSION = YES;
				CLANG_WARN_COMMA = YES;
				CLANG_WARN_CONSTANT_CONVERSION = YES;
				CLANG_WARN_DEPRECATED_OBJC_IMPLEMENTATIONS = YES;
				CLANG_WARN_DIRECT_OBJC_ISA_USAGE = YES_ERROR;
				CLANG_WARN_DOCUMENTATION_COMMENTS = YES;
				CLANG_WARN_EMPTY_BODY = YES;
				CLANG_WARN_ENUM_CONVERSION = YES;
				CLANG_WARN_INFINITE_RECURSION = YES;
				CLANG_WARN_INT_CONVERSION = YES;
				CLANG_WARN_NON_LITERAL_NULL_CONVERSION = YES;
				CLANG_WARN_OBJC_IMPLICIT_RETAIN_SELF = YES;
				CLANG_WARN_OBJC_LITERAL_CONVERSION = YES;
				CLANG_WARN_OBJC_ROOT_CLASS = YES_ERROR;
				CLANG_WARN_QUOTED_INCLUDE_IN_FRAMEWORK_HEADER = YES;
				CLANG_WARN_RANGE_LOOP_ANALYSIS = YES;
				CLANG_WARN_STRICT_PROTOTYPES = YES;
				CLANG_WARN_SUSPICIOUS_MOVE = YES;
				CLANG_WARN_UNGUARDED_AVAILABILITY = YES_AGGRESSIVE;
				CLANG_WARN_UNREACHABLE_CODE = YES;
				CLANG_WARN__DUPLICATE_METHOD_MATCH = YES;
				COPY_PHASE_STRIP = NO;
				DEBUG_INFORMATION_FORMAT = "dwarf-with-dsym";
				ENABLE_NS_ASSERTIONS = NO;
				ENABLE_STRICT_OBJC_MSGSEND = YES;
				GCC_C_LANGUAGE_STANDARD = gnu11;
				GCC_NO_COMMON_BLOCKS = YES;
				GCC_WARN_64_TO_32_BIT_CONVERSION = YES;
				GCC_WARN_ABOUT_RETURN_TYPE = YES_ERROR;
				GCC_WARN_UNDECLARED_SELECTOR = YES;
				GCC_WARN_UNINITIALIZED_AUTOS = YES_AGGRESSIVE;
				GCC_WARN_UNUSED_FUNCTION = YES;
				GCC_WARN_UNUSED_VARIABLE = YES;
				IPHONEOS_DEPLOYMENT_TARGET = 17.0;
				MTL_ENABLE_DEBUG_INFO = NO;
				MTL_FAST_MATH = YES;
				PRODUCT_NAME = "$(TARGET_NAME)";
				SDKROOT = iphoneos;
				SWIFT_COMPILATION_MODE = wholemodule;
				SWIFT_OPTIMIZATION_LEVEL = "-O";
				SWIFT_VERSION = 5.0;
			};
			name = Release;
		};
		58A11407397EE34B9C71AE4D /* Debug */ = {
			isa = XCBuildConfiguration;
			buildSettings = {
				ALWAYS_SEARCH_USER_PATHS = NO;
				CLANG_ANALYZER_NONNULL = YES;
				CLANG_ANALYZER_NUMBER_OBJECT_CONVERSION = YES_AGGRESSIVE;
				CLANG_CXX_LANGUAGE_STANDARD = "gnu++14";
				CLANG_CXX_LIBRARY = "libc++";
				CLANG_ENABLE_MODULES = YES;
				CLANG_ENABLE_OBJC_ARC = YES;
				CLANG_ENABLE_OBJC_WEAK = YES;
				CLANG_WARN_BLOCK_CAPTURE_AUTORELEASING = YES;
				CLANG_WARN_BOOL_CONVERSION = YES;
				CLANG_WARN_COMMA = YES;
				CLANG_WARN_CONSTANT_CONVERSION = YES;
				CLANG_WARN_DEPRECATED_OBJC_IMPLEMENTATIONS = YES;
				CLANG_WARN_DIRECT_OBJC_ISA_USAGE = YES_ERROR;
				CLANG_WARN_DOCUMENTATION_COMMENTS = YES;
				CLANG_WARN_EMPTY_BODY = YES;
				CLANG_WARN_ENUM_CONVERSION = YES;
				CLANG_WARN_INFINITE_RECURSION = YES;
				CLANG_WARN_INT_CONVERSION = YES;
				CLANG_WARN_NON_LITERAL_NULL_CONVERSION = YES;
				CLANG_WARN_OBJC_IMPLICIT_RETAIN_SELF = YES;
				CLANG_WARN_OBJC_LITERAL_CONVERSION = YES;
				CLANG_WARN_OBJC_ROOT_CLASS = YES_ERROR;
				CLANG_WARN_QUOTED_INCLUDE_IN_FRAMEWORK_HEADER = YES;
				CLANG_WARN_RANGE_LOOP_ANALYSIS = YES;
				CLANG_WARN_STRICT_PROTOTYPES = YES;
				CLANG_WARN_SUSPICIOUS_MOVE = YES;
				CLANG_WARN_UNGUARDED_AVAILABILITY = YES_AGGRESSIVE;
				CLANG_WARN_UNREACHABLE_CODE = YES;
				CLANG_WARN__DUPLICATE_METHOD_MATCH = YES;
				COPY_PHASE_STRIP = NO;
				DEBUG_INFORMATION_FORMAT = dwarf;
				ENABLE_STRICT_OBJC_MSGSEND = YES;
				ENABLE_TESTABILITY = YES;
				GCC_C_LANGUAGE_STANDARD = gnu11;
				GCC_DYNAMIC_NO_PIC = NO;
				GCC_NO_COMMON_BLOCKS = YES;
				GCC_OPTIMIZATION_LEVEL = 0;
				GCC_PREPROCESSOR_DEFINITIONS = (
					"$(inherited)",
					"DEBUG=1",
				);
				GCC_WARN_64_TO_32_BIT_CONVERSION = YES;
				GCC_WARN_ABOUT_RETURN_TYPE = YES_ERROR;
				GCC_WARN_UNDECLARED_SELECTOR = YES;
				GCC_WARN_UNINITIALIZED_AUTOS = YES_AGGRESSIVE;
				GCC_WARN_UNUSED_FUNCTION = YES;
				GCC_WARN_UNUSED_VARIABLE = YES;
				IPHONEOS_DEPLOYMENT_TARGET = 17.0;
				MTL_ENABLE_DEBUG_INFO = INCLUDE_SOURCE;
				MTL_FAST_MATH = YES;
				ONLY_ACTIVE_ARCH = YES;
				PRODUCT_NAME = "$(TARGET_NAME)";
				SDKROOT = iphoneos;
				SWIFT_ACTIVE_COMPILATION_CONDITIONS = DEBUG;
				SWIFT_OPTIMIZATION_LEVEL = "-Onone";
				SWIFT_VERSION = 5.0;
			};
			name = Debug;
		};
		FF2079EF16362626D6BCED10 /* Debug */ = {
			isa = XCBuildConfiguration;
			buildSettings = {
				ASSETCATALOG_COMPILER_APPICON_NAME = AppIcon;
				CODE_SIGN_IDENTITY = "iPhone Developer";
				CODE_SIGN_STYLE = Automatic;
				CURRENT_PROJECT_VERSION = 1;
				GENERATE_INFOPLIST_FILE = YES;
				INFOPLIST_KEY_CFBundleDisplayName = "Spell It!";
				INFOPLIST_KEY_UILaunchScreen_Generation = YES;
				INFOPLIST_KEY_UISupportedInterfaceOrientations_iPad = "UIInterfaceOrientationPortrait UIInterfaceOrientationPortraitUpsideDown UIInterfaceOrientationLandscapeLeft UIInterfaceOrientationLandscapeRight";
				INFOPLIST_KEY_UISupportedInterfaceOrientations_iPhone = UIInterfaceOrientationPortrait;
				LD_RUNPATH_SEARCH_PATHS = (
					"$(inherited)",
					"@executable_path/Frameworks",
				);
				MARKETING_VERSION = 1.0;
				PRODUCT_BUNDLE_IDENTIFIER = com.mikewhitney.spellit;
				SDKROOT = iphoneos;
				SWIFT_VERSION = 5.9;
				TARGETED_DEVICE_FAMILY = "1,2";
			};
			name = Debug;
		};
/* End XCBuildConfiguration section */

/* Begin XCConfigurationList section */
		2B3D50A21F4A8EA501C451F2 /* Build configuration list for PBXProject "SpellIt" */ = {
			isa = XCConfigurationList;
			buildConfigurations = (
				58A11407397EE34B9C71AE4D /* Debug */,
				12ED9651BC4E2051BF76E1F6 /* Release */,
			);
			defaultConfigurationIsVisible = 0;
			defaultConfigurationName = Debug;
		};
		8116B7B0187C376289345AF2 /* Build configuration list for PBXNativeTarget "SpellIt" */ = {
			isa = XCConfigurationList;
			buildConfigurations = (
				FF2079EF16362626D6BCED10 /* Debug */,
				0D504B2EDBE82490198D7C42 /* Release */,
			);
			defaultConfigurationIsVisible = 0;
			defaultConfigurationName = Debug;
		};
/* End XCConfigurationList section */
	};
	rootObject = 921A156C8E8ADF61F8FC2B11 /* Project object */;
}
